<?xml version="1.0" encoding="utf-8"?>
<Project ToolsVersion="4.0" xmlns="http://schemas.microsoft.com/developer/msbuild/2003">
  <ItemGroup>
    <Filter Include="Source Files">
      <UniqueIdentifier>{4FC737F1-C7A5-4376-A066-2A32D752A2FF}</UniqueIdentifier>
      <Extensions>cpp;c;cc;cxx;def;odl;idl;hpj;bat;asm;asmx</Extensions>
    </Filter>
    <Filter Include="Header Files">
      <UniqueIdentifier>{93995380-89BD-4b04-88EB-625FBE52EBFB}</UniqueIdentifier>
      <Extensions>h;hh;hpp;hxx;hm;inl;inc;xsd</Extensions>
    </Filter>
    <Filter Include="Resource Files">
      <UniqueIdentifier>{67DA6AB6-F800-4c08-8B7A-83BB121AAD01}</UniqueIdentifier>
      <Extensions>rc;ico;cur;bmp;dlg;rc2;rct;bin;rgs;gif;jpg;jpeg;jpe;resx;tiff;tif;png;wav;mfcribbon-ms</Extensions>
    </Filter>
    <Filter Include="Header Files\GPUStages">
      <UniqueIdentifier>{1e166a98-7b3d-466b-a8e9-df180be436c5}</UniqueIdentifier>
    </Filter>
    <Filter Include="Source Files\GPUStages">
      <UniqueIdentifier>{83bf8ca6-8e16-4c21-9eef-1da9541fc6f9}</UniqueIdentifier>
    </Filter>
    <Filter Include="Header Files\Common">
      <UniqueIdentifier>{1d1fc929-8309-4d86-aaa0-a1a8014ba8ea}</UniqueIdentifier>
    </Filter>
    <Filter Include="Header Files\JPEG Encoder">
      <UniqueIdentifier>{ad2a2171-b41b-487b-b471-25006b7e4db9}</UniqueIdentifier>
    </Filter>
    <Filter Include="Header Files\JPEG Encoder\GPU">
      <UniqueIdentifier>{e3323419-9597-4b0a-a187-19f871704373}</UniqueIdentifier>
    </Filter>
    <Filter Include="Source Files\JPEG Encoder">
      <UniqueIdentifier>{ed57900e-5270-4e77-881a-92dbec94dc2b}</UniqueIdentifier>
    </Filter>
    <Filter Include="Source Files\JPEG Encoder\GPU">
      <UniqueIdentifier>{5aa75307-1990-40d6-8d83-dffbf23cf557}</UniqueIdentifier>
    </Filter>
    <Filter Include="Source Files\Shaders">
      <UniqueIdentifier>{93c0f7ad-1624-4707-895e-f6744b95f5ec}</UniqueIdentifier>
    </Filter>
  </ItemGroup>
  <ItemGroup>
    <ClCompile Include="main.cpp">
      <Filter>Source Files</Filter>
    </ClCompile>
    <ClCompile Include="Project.cpp">
      <Filter>Source Files</Filter>
    </ClCompile>
    <ClCompile Include="GameStateHandler.cpp">
      <Filter>Source Files</Filter>
    </ClCompile>
    <ClCompile Include="ComputeStage.cpp">
      <Filter>Source Files\GPUStages</Filter>
    </ClCompile>
    <ClCompile Include="PassThroughStage.cpp">
      <Filter>Source Files\GPUStages</Filter>
    </ClCompile>
    <ClCompile Include="RenderStage.cpp">
      <Filter>Source Files\GPUStages</Filter>
    </ClCompile>
    <ClCompile Include="JpegEncoderBase.cpp">
      <Filter>Source Files\JPEG Encoder</Filter>
    </ClCompile>
    <ClCompile Include="JpegEncoderGPU.cpp">
      <Filter>Source Files\JPEG Encoder\GPU</Filter>
    </ClCompile>
    <ClCompile Include="JpegEncoderGPU_444.cpp">
      <Filter>Source Files\JPEG Encoder\GPU</Filter>
    </ClCompile>
    <ClCompile Include="ComputeShader.cpp">
      <Filter>Source Files\JPEG Encoder</Filter>
    </ClCompile>
    <ClCompile Include="JEnc.cpp">
      <Filter>Source Files\JPEG Encoder</Filter>
    </ClCompile>
  </ItemGroup>
  <ItemGroup>
    <FxCompile Include="CS_TestShader.hlsl">
      <Filter>Source Files\Shaders</Filter>
    </FxCompile>
    <FxCompile Include="PixelShader.hlsl">
      <Filter>Source Files\Shaders</Filter>
    </FxCompile>
    <FxCompile Include="PS_Passthrough.hlsl">
      <Filter>Source Files\Shaders</Filter>
    </FxCompile>
    <FxCompile Include="VertexShader.hlsl">
      <Filter>Source Files\Shaders</Filter>
    </FxCompile>
    <FxCompile Include="VS_FullScreenTriangle.hlsl">
      <Filter>Source Files\Shaders</Filter>
    </FxCompile>
    <FxCompile Include="Jpeg_CS.hlsl">
      <Filter>Source Files\Shaders</Filter>
    </FxCompile>
  </ItemGroup>
  <ItemGroup>
    <ClInclude Include="main.hpp">
      <Filter>Header Files</Filter>
    </ClInclude>
    <ClInclude Include="Project.hpp">
      <Filter>Header Files</Filter>
    </ClInclude>
    <ClInclude Include="GameStateHandler.hpp">
      <Filter>Header Files</Filter>
    </ClInclude>
    <ClInclude Include="RenderStage.hpp">
      <Filter>Header Files\GPUStages</Filter>
    </ClInclude>
    <ClInclude Include="PassThroughStage.hpp">
      <Filter>Header Files\GPUStages</Filter>
    </ClInclude>
    <ClInclude Include="GPUStage.hpp">
      <Filter>Header Files\GPUStages</Filter>
    </ClInclude>
    <ClInclude Include="ComputeStage.hpp">
      <Filter>Header Files\GPUStages</Filter>
    </ClInclude>
    <ClInclude Include="StructsAndEnums.hpp">
      <Filter>Header Files\Common</Filter>
    </ClInclude>
    <ClInclude Include="ConstantsAndGlobals.hpp">
      <Filter>Header Files\Common</Filter>
    </ClInclude>
    <ClInclude Include="stdafx.h">
      <Filter>Header Files\Common</Filter>
    </ClInclude>
    <ClInclude Include="JpegCommon.h">
      <Filter>Header Files\Common</Filter>
    </ClInclude>
    <ClInclude Include="JpegEncoderBase.h">
      <Filter>Header Files\JPEG Encoder</Filter>
    </ClInclude>
    <ClInclude Include="JpegEncoderGPU.h">
      <Filter>Header Files\JPEG Encoder\GPU</Filter>
    </ClInclude>
    <ClInclude Include="JpegEncoderGPU_444.h">
      <Filter>Header Files\JPEG Encoder\GPU</Filter>
    </ClInclude>
    <ClInclude Include="Jenc.h">
      <Filter>Header Files\JPEG Encoder</Filter>
    </ClInclude>
    <ClInclude Include="JEncCommon.h">
      <Filter>Header Files\Common</Filter>
    </ClInclude>
    <ClInclude Include="ComputeShader.h">
      <Filter>Header Files\JPEG Encoder</Filter>
    </ClInclude>
  </ItemGroup>
</Project>